
Microsoft Visual Studio Solution File, Format Version 12.00
# Visual Studio Version 16
VisualStudioVersion = 16.0.29424.173
MinimumVisualStudioVersion = 10.0.40219.1
Project("{9A19103F-16F7-4668-BE54-9A1E7A4F7556}") = "SCWE", "SCWE\SCWE.csproj", "{17782AE7-424A-41AC-8451-AF85172EC802}"
EndProject
Project("{FAE04EC0-301F-11D3-BF4B-00C04F79EFBC}") = "SCWE.Windows", "SCWE.Windows\SCWE.Windows.csproj", "{48D7B1D6-1113-4DFF-8C9E-E1B4DC9AC945}"
EndProject
Project("{FAE04EC0-301F-11D3-BF4B-00C04F79EFBC}") = "BlockDataUpdater", "BlockDataUpdater\BlockDataUpdater.csproj", "{A7E1A742-48B8-4656-B456-5F58D08A0F89}"
EndProject
Global
	GlobalSection(SolutionConfigurationPlatforms) = preSolution
		Debug|Any CPU = Debug|Any CPU
		Release|Any CPU = Release|Any CPU
	EndGlobalSection
	GlobalSection(ProjectConfigurationPlatforms) = postSolution
		{17782AE7-424A-41AC-8451-AF85172EC802}.Debug|Any CPU.ActiveCfg = Debug|Any CPU
		{17782AE7-424A-41AC-8451-AF85172EC802}.Debug|Any CPU.Build.0 = Debug|Any CPU
		{17782AE7-424A-41AC-8451-AF85172EC802}.Release|Any CPU.ActiveCfg = Release|Any CPU
		{17782AE7-424A-41AC-8451-AF85172EC802}.Release|Any CPU.Build.0 = Release|Any CPU
		{48D7B1D6-1113-4DFF-8C9E-E1B4DC9AC945}.Debug|Any CPU.ActiveCfg = Debug|Any CPU
		{48D7B1D6-1113-4DFF-8C9E-E1B4DC9AC945}.Debug|Any CPU.Build.0 = Debug|Any CPU
		{48D7B1D6-1113-4DFF-8C9E-E1B4DC9AC945}.Release|Any CPU.ActiveCfg = Release|Any CPU
		{48D7B1D6-1113-4DFF-8C9E-E1B4DC9AC945}.Release|Any CPU.Build.0 = Release|Any CPU
		{A7E1A742-48B8-4656-B456-5F58D08A0F89}.Debug|Any CPU.ActiveCfg = Debug|Any CPU
		{A7E1A742-48B8-4656-B456-5F58D08A0F89}.Debug|Any CPU.Build.0 = Debug|Any CPU
		{A7E1A742-48B8-4656-B456-5F58D08A0F89}.Release|Any CPU.ActiveCfg = Release|Any CPU
		{A7E1A742-48B8-4656-B456-5F58D08A0F89}.Release|Any CPU.Build.0 = Release|Any CPU
	EndGlobalSection
	GlobalSection(SolutionProperties) = preSolution
		HideSolutionNode = FALSE
	EndGlobalSection
	GlobalSection(ExtensibilityGlobals) = postSolution
		SolutionGuid = {ACC546B2-E303-4FB3-8BFE-1797153C76F1}
	EndGlobalSection
EndGlobal
